
Microsoft Visual Studio Solution File, Format Version 12.00
# Visual Studio 15
VisualStudioVersion = 15.0.28010.2026
MinimumVisualStudioVersion = 10.0.40219.1
Project("{FAE04EC0-301F-11D3-BF4B-00C04F79EFBC}") = "DeviceDriver_Lifx_Color_A19", "DeviceDriver_Lifx_Color_A19\DeviceDriver_Lifx_Color_A19.csproj", "{F8C2AECB-CBB0-4D8A-8FC0-7F22F4873773}"
EndProject
Global
	GlobalSection(SolutionConfigurationPlatforms) = preSolution
		Debug|Any CPU = Debug|Any CPU
		Release|Any CPU = Release|Any CPU
	EndGlobalSection
	GlobalSection(ProjectConfigurationPlatforms) = postSolution
		{F8C2AECB-CBB0-4D8A-8FC0-7F22F4873773}.Debug|Any CPU.ActiveCfg = Debug|Any CPU
		{F8C2AECB-CBB0-4D8A-8FC0-7F22F4873773}.Debug|Any CPU.Build.0 = Debug|Any CPU
		{F8C2AECB-CBB0-4D8A-8FC0-7F22F4873773}.Release|Any CPU.ActiveCfg = Release|Any CPU
		{F8C2AECB-CBB0-4D8A-8FC0-7F22F4873773}.Release|Any CPU.Build.0 = Release|Any CPU
	EndGlobalSection
	GlobalSection(SolutionProperties) = preSolution
		HideSolutionNode = FALSE
	EndGlobalSection
	GlobalSection(ExtensibilityGlobals) = postSolution
		SolutionGuid = {7D43422A-DA42-430D-8942-4C56CBC86974}
	EndGlobalSection
EndGlobal
